
Microsoft Visual Studio Solution File, Format Version 12.00
# Visual Studio Version 17
VisualStudioVersion = 17.0.31903.59
MinimumVisualStudioVersion = 10.0.40219.1
Project("{FAE04EC0-301F-11D3-BF4B-00C04F79EFBC}") = "B2BMusicStreamingPlatformClassLibrary", "B2BMusicStreamingPlatformClassLibrary\B2BMusicStreamingPlatformClassLibrary.csproj", "{0A5E3BD1-7412-4CA0-9371-DEAAE3FBE831}"
EndProject
Project("{FAE04EC0-301F-11D3-BF4B-00C04F79EFBC}") = "B2BMusicStreamingPlatformwebapi", "B2BMusicStreamingPlatformwebapi\B2BMusicStreamingPlatformwebapi.csproj", "{4A3F9711-78BB-4BE8-B5D0-ED85405C4D53}"
EndProject
Global
	GlobalSection(SolutionConfigurationPlatforms) = preSolution
		Debug|Any CPU = Debug|Any CPU
		Release|Any CPU = Release|Any CPU
	EndGlobalSection
	GlobalSection(SolutionProperties) = preSolution
		HideSolutionNode = FALSE
	EndGlobalSection
	GlobalSection(ProjectConfigurationPlatforms) = postSolution
		{0A5E3BD1-7412-4CA0-9371-DEAAE3FBE831}.Debug|Any CPU.ActiveCfg = Debug|Any CPU
		{0A5E3BD1-7412-4CA0-9371-DEAAE3FBE831}.Debug|Any CPU.Build.0 = Debug|Any CPU
		{0A5E3BD1-7412-4CA0-9371-DEAAE3FBE831}.Release|Any CPU.ActiveCfg = Release|Any CPU
		{0A5E3BD1-7412-4CA0-9371-DEAAE3FBE831}.Release|Any CPU.Build.0 = Release|Any CPU
		{4A3F9711-78BB-4BE8-B5D0-ED85405C4D53}.Debug|Any CPU.ActiveCfg = Debug|Any CPU
		{4A3F9711-78BB-4BE8-B5D0-ED85405C4D53}.Debug|Any CPU.Build.0 = Debug|Any CPU
		{4A3F9711-78BB-4BE8-B5D0-ED85405C4D53}.Release|Any CPU.ActiveCfg = Release|Any CPU
		{4A3F9711-78BB-4BE8-B5D0-ED85405C4D53}.Release|Any CPU.Build.0 = Release|Any CPU
	EndGlobalSection
EndGlobal
