Microsoft Visual Studio Solution File, Format Version 12.00
# Visual Studio Version 17
VisualStudioVersion = 17.5.2.0
MinimumVisualStudioVersion = 10.0.40219.1
Project("{FAE04EC0-301F-11D3-BF4B-00C04F79EFBC}") = "B2BMusicStreamingPlatformwebapi", "B2BMusicStreamingPlatformwebapi.csproj", "{046265C5-8AFA-5056-1A18-F912B5B0F3CA}"
EndProject
Global
	GlobalSection(SolutionConfigurationPlatforms) = preSolution
		Debug|Any CPU = Debug|Any CPU
		Release|Any CPU = Release|Any CPU
	EndGlobalSection
	GlobalSection(ProjectConfigurationPlatforms) = postSolution
		{046265C5-8AFA-5056-1A18-F912B5B0F3CA}.Debug|Any CPU.ActiveCfg = Debug|Any CPU
		{046265C5-8AFA-5056-1A18-F912B5B0F3CA}.Debug|Any CPU.Build.0 = Debug|Any CPU
		{046265C5-8AFA-5056-1A18-F912B5B0F3CA}.Release|Any CPU.ActiveCfg = Release|Any CPU
		{046265C5-8AFA-5056-1A18-F912B5B0F3CA}.Release|Any CPU.Build.0 = Release|Any CPU
	EndGlobalSection
	GlobalSection(SolutionProperties) = preSolution
		HideSolutionNode = FALSE
	EndGlobalSection
	GlobalSection(ExtensibilityGlobals) = postSolution
		SolutionGuid = {B563461A-4AAE-4441-AA74-81D3CEA69278}
	EndGlobalSection
EndGlobal
